
Microsoft Visual Studio Solution File, Format Version 12.00
# Visual Studio Version 17
VisualStudioVersion = 17.8.34511.84
MinimumVisualStudioVersion = 10.0.40219.1
Project("{FAE04EC0-301F-11D3-BF4B-00C04F79EFBC}") = "BasicLoops-DoWhile", "BasicLoops-DoWhile\BasicLoops-DoWhile.csproj", "{92CDF700-C1C2-4FE7-AAF0-687694CE31C8}"
EndProject
Global
	GlobalSection(SolutionConfigurationPlatforms) = preSolution
		Debug|Any CPU = Debug|Any CPU
		Release|Any CPU = Release|Any CPU
	EndGlobalSection
	GlobalSection(ProjectConfigurationPlatforms) = postSolution
		{92CDF700-C1C2-4FE7-AAF0-687694CE31C8}.Debug|Any CPU.ActiveCfg = Debug|Any CPU
		{92CDF700-C1C2-4FE7-AAF0-687694CE31C8}.Debug|Any CPU.Build.0 = Debug|Any CPU
		{92CDF700-C1C2-4FE7-AAF0-687694CE31C8}.Release|Any CPU.ActiveCfg = Release|Any CPU
		{92CDF700-C1C2-4FE7-AAF0-687694CE31C8}.Release|Any CPU.Build.0 = Release|Any CPU
	EndGlobalSection
	GlobalSection(SolutionProperties) = preSolution
		HideSolutionNode = FALSE
	EndGlobalSection
	GlobalSection(ExtensibilityGlobals) = postSolution
		SolutionGuid = {EE2FD612-E431-4BE9-91E8-7A7D5D859E1B}
	EndGlobalSection
EndGlobal
