
Microsoft Visual Studio Solution File, Format Version 12.00
# Visual Studio Version 17
VisualStudioVersion = 17.8.34511.84
MinimumVisualStudioVersion = 10.0.40219.1
Project("{FAE04EC0-301F-11D3-BF4B-00C04F79EFBC}") = "Variables", "Variables\Variables.csproj", "{06F1E781-536A-48B7-82A2-2B7D1A0B256B}"
EndProject
Global
	GlobalSection(SolutionConfigurationPlatforms) = preSolution
		Debug|Any CPU = Debug|Any CPU
		Release|Any CPU = Release|Any CPU
	EndGlobalSection
	GlobalSection(ProjectConfigurationPlatforms) = postSolution
		{06F1E781-536A-48B7-82A2-2B7D1A0B256B}.Debug|Any CPU.ActiveCfg = Debug|Any CPU
		{06F1E781-536A-48B7-82A2-2B7D1A0B256B}.Debug|Any CPU.Build.0 = Debug|Any CPU
		{06F1E781-536A-48B7-82A2-2B7D1A0B256B}.Release|Any CPU.ActiveCfg = Release|Any CPU
		{06F1E781-536A-48B7-82A2-2B7D1A0B256B}.Release|Any CPU.Build.0 = Release|Any CPU
	EndGlobalSection
	GlobalSection(SolutionProperties) = preSolution
		HideSolutionNode = FALSE
	EndGlobalSection
	GlobalSection(ExtensibilityGlobals) = postSolution
		SolutionGuid = {17A9784D-B2AE-42D2-AE90-2B07A75EF826}
	EndGlobalSection
EndGlobal
