
Microsoft Visual Studio Solution File, Format Version 12.00
# Visual Studio Version 17
VisualStudioVersion = 17.8.34511.84
MinimumVisualStudioVersion = 10.0.40219.1
Project("{FAE04EC0-301F-11D3-BF4B-00C04F79EFBC}") = "BasicLoops-ForWhile", "BasicLoops-ForWhile\BasicLoops-ForWhile.csproj", "{ED19BF9C-4DC6-45AE-8AE3-B03E54A318D5}"
EndProject
Global
	GlobalSection(SolutionConfigurationPlatforms) = preSolution
		Debug|Any CPU = Debug|Any CPU
		Release|Any CPU = Release|Any CPU
	EndGlobalSection
	GlobalSection(ProjectConfigurationPlatforms) = postSolution
		{ED19BF9C-4DC6-45AE-8AE3-B03E54A318D5}.Debug|Any CPU.ActiveCfg = Debug|Any CPU
		{ED19BF9C-4DC6-45AE-8AE3-B03E54A318D5}.Debug|Any CPU.Build.0 = Debug|Any CPU
		{ED19BF9C-4DC6-45AE-8AE3-B03E54A318D5}.Release|Any CPU.ActiveCfg = Release|Any CPU
		{ED19BF9C-4DC6-45AE-8AE3-B03E54A318D5}.Release|Any CPU.Build.0 = Release|Any CPU
	EndGlobalSection
	GlobalSection(SolutionProperties) = preSolution
		HideSolutionNode = FALSE
	EndGlobalSection
	GlobalSection(ExtensibilityGlobals) = postSolution
		SolutionGuid = {4F20C881-B498-4596-BA35-B4C8B429F5B8}
	EndGlobalSection
EndGlobal
