
Microsoft Visual Studio Solution File, Format Version 12.00
# Visual Studio Version 17
VisualStudioVersion = 17.8.34511.84
MinimumVisualStudioVersion = 10.0.40219.1
Project("{FAE04EC0-301F-11D3-BF4B-00C04F79EFBC}") = "Lab_Number_Analyzer", "Lab_Number_Analyzer\Lab_Number_Analyzer.csproj", "{40B0844F-AA7C-48C2-88AA-2EC4A9DA14B1}"
EndProject
Global
	GlobalSection(SolutionConfigurationPlatforms) = preSolution
		Debug|Any CPU = Debug|Any CPU
		Release|Any CPU = Release|Any CPU
	EndGlobalSection
	GlobalSection(ProjectConfigurationPlatforms) = postSolution
		{40B0844F-AA7C-48C2-88AA-2EC4A9DA14B1}.Debug|Any CPU.ActiveCfg = Debug|Any CPU
		{40B0844F-AA7C-48C2-88AA-2EC4A9DA14B1}.Debug|Any CPU.Build.0 = Debug|Any CPU
		{40B0844F-AA7C-48C2-88AA-2EC4A9DA14B1}.Release|Any CPU.ActiveCfg = Release|Any CPU
		{40B0844F-AA7C-48C2-88AA-2EC4A9DA14B1}.Release|Any CPU.Build.0 = Release|Any CPU
	EndGlobalSection
	GlobalSection(SolutionProperties) = preSolution
		HideSolutionNode = FALSE
	EndGlobalSection
	GlobalSection(ExtensibilityGlobals) = postSolution
		SolutionGuid = {1F2DFF37-3C65-4C21-8FF5-32BCE5481F85}
	EndGlobalSection
EndGlobal
